
Microsoft Visual Studio Solution File, Format Version 12.00
# Visual Studio 2013
VisualStudioVersion = 12.0.31101.0
MinimumVisualStudioVersion = 10.0.40219.1
Project("{FAE04EC0-301F-11D3-BF4B-00C04F79EFBC}") = "Sage.Tools.ModelGenerator", "Sage.Tools.ModelGenerator\Sage.Tools.ModelGenerator.csproj", "{160D8E6F-3628-42E0-A2FC-E65925E4BC7D}"
EndProject
Project("{FAE04EC0-301F-11D3-BF4B-00C04F79EFBC}") = "Sage.Tools.Framework.CodeGenerator", "Sage.Tools.Framework.CodeGenerator\Sage.Tools.Framework.CodeGenerator.csproj", "{55D3D77B-EC6D-40C6-B90E-703E282C0776}"
EndProject
Global
	GlobalSection(SolutionConfigurationPlatforms) = preSolution
		Debug|Any CPU = Debug|Any CPU
		Release|Any CPU = Release|Any CPU
	EndGlobalSection
	GlobalSection(ProjectConfigurationPlatforms) = postSolution
		{160D8E6F-3628-42E0-A2FC-E65925E4BC7D}.Debug|Any CPU.ActiveCfg = Debug|Any CPU
		{160D8E6F-3628-42E0-A2FC-E65925E4BC7D}.Debug|Any CPU.Build.0 = Debug|Any CPU
		{160D8E6F-3628-42E0-A2FC-E65925E4BC7D}.Release|Any CPU.ActiveCfg = Release|Any CPU
		{160D8E6F-3628-42E0-A2FC-E65925E4BC7D}.Release|Any CPU.Build.0 = Release|Any CPU
		{55D3D77B-EC6D-40C6-B90E-703E282C0776}.Debug|Any CPU.ActiveCfg = Debug|Any CPU
		{55D3D77B-EC6D-40C6-B90E-703E282C0776}.Debug|Any CPU.Build.0 = Debug|Any CPU
		{55D3D77B-EC6D-40C6-B90E-703E282C0776}.Release|Any CPU.ActiveCfg = Release|Any CPU
		{55D3D77B-EC6D-40C6-B90E-703E282C0776}.Release|Any CPU.Build.0 = Release|Any CPU
	EndGlobalSection
	GlobalSection(SolutionProperties) = preSolution
		HideSolutionNode = FALSE
	EndGlobalSection
EndGlobal
